{
  "name": "react-rodux-hooks",
  "version": "0.3.1",
  "lockfileVersion": 3,
  "requires": true,
  "packages": {
    "": {
      "name": "react-rodux-hooks",
      "version": "0.3.1",
      "license": "MIT",
      "devDependencies": {
        "typescript": "=4.9.5"
      },
      "peerDependencies": {
        "@rbxts/react-ts": "^0.9.0",
        "@rbxts/rodux": "^3.0.0-ts.3"
      }
    },
    "node_modules/@rbxts/luau-polyfill-internal": {
      "version": "1.2.3-ts.0",
      "resolved": "https://registry.npmjs.org/@rbxts/luau-polyfill-internal/-/luau-polyfill-internal-1.2.3-ts.0.tgz",
      "integrity": "sha512-LG1h4uf+MpMxu6RfOLowRe+NOs2SWXzCmYd49WvfR8ZKVUNHvT0BeVIL9rS9q//mTlz8BXDyl5EVIyjnKgsekA==",
      "peer": true
    },
    "node_modules/@rbxts/promise-forward": {
      "version": "1.0.5",
      "resolved": "https://registry.npmjs.org/@rbxts/promise-forward/-/promise-forward-1.0.5.tgz",
      "integrity": "sha512-FrL3pIQDbRD1hKsUNH1Fwwd5jOuqU0vzKQI4Xo96AqzizYc4fb6vDkUg9Iq+IFki6FVlFvPN+YnvkCxGMjJw4Q==",
      "peer": true
    },
    "node_modules/@rbxts/react-internal": {
      "version": "0.2.1",
      "resolved": "https://registry.npmjs.org/@rbxts/react-internal/-/react-internal-0.2.1.tgz",
      "integrity": "sha512-IIJqYi6J463DpiI+x007j35ECixVnYufVYwrc1KlSw6ZgTJuWdBZ4eK8ACbnRiFYuNJDzM7ylNCo6C4ecA/XAg==",
      "peer": true,
      "dependencies": {
        "@rbxts/luau-polyfill-internal": "1.2.3-ts.0",
        "@rbxts/shared-internal": "^0.2.0"
      }
    },
    "node_modules/@rbxts/react-reconciler-internal": {
      "version": "0.2.0",
      "resolved": "https://registry.npmjs.org/@rbxts/react-reconciler-internal/-/react-reconciler-internal-0.2.0.tgz",
      "integrity": "sha512-CODcDn7k838rn4YOkm/jFPOvS3ICyiRlRHpBz05tHujDnmH3++fUpIqqtyr4wiGSt2o2g3tSCVCdDDwLP2iFYQ==",
      "peer": true,
      "dependencies": {
        "@rbxts/luau-polyfill-internal": "1.2.3-ts.0",
        "@rbxts/promise-forward": "^1.0.4",
        "@rbxts/react-internal": "^0.2.0",
        "@rbxts/scheduler-internal": "^0.2.0",
        "@rbxts/shared-internal": "^0.2.0"
      }
    },
    "node_modules/@rbxts/react-roblox": {
      "version": "0.1.1",
      "resolved": "https://registry.npmjs.org/@rbxts/react-roblox/-/react-roblox-0.1.1.tgz",
      "integrity": "sha512-TIViS38pKuJmydW9QhzNwfINkk3lATByEk/7aR3lc/PwiqFBHQA4QVrrl5IspZnRMRvQanrYC9AjZHcYroTK2g==",
      "peer": true,
      "dependencies": {
        "@rbxts/luau-polyfill-internal": "1.2.3-ts.0",
        "@rbxts/react-internal": "^0.2.1",
        "@rbxts/react-reconciler-internal": "^0.2.0",
        "@rbxts/scheduler-internal": "^0.2.0",
        "@rbxts/shared-internal": "^0.2.0"
      }
    },
    "node_modules/@rbxts/react-ts": {
      "version": "0.9.0",
      "resolved": "https://registry.npmjs.org/@rbxts/react-ts/-/react-ts-0.9.0.tgz",
      "integrity": "sha512-u8sSmEpGio+udmXPnfHMoTENgI/PkAPeqs4qwagkntiMiqo/EbTSh7HJHaYh5pFcRgdaTxOvtcZyfjfr4lhgiA==",
      "peer": true,
      "dependencies": {
        "@rbxts/react-internal": "^0.2.1",
        "@rbxts/roact-compat-internal": "^0.3.0"
      }
    },
    "node_modules/@rbxts/roact-compat-internal": {
      "version": "0.3.0",
      "resolved": "https://registry.npmjs.org/@rbxts/roact-compat-internal/-/roact-compat-internal-0.3.0.tgz",
      "integrity": "sha512-09WghRQuhgtG05Dob9b7X52eRPKgwny/lTgh0n9gcIPdmV7dseNloWazXlUk/9tKlZcU8urbgaJ+ZPQ0/f2f2w==",
      "peer": true,
      "dependencies": {
        "@rbxts/luau-polyfill-internal": "1.2.3-ts.0",
        "@rbxts/react-internal": "^0.2.1",
        "@rbxts/react-roblox": "^0.1.0",
        "@rbxts/shared-internal": "^0.2.0"
      }
    },
    "node_modules/@rbxts/rodux": {
      "version": "3.0.0-ts.3",
      "resolved": "https://registry.npmjs.org/@rbxts/rodux/-/rodux-3.0.0-ts.3.tgz",
      "integrity": "sha512-LrLowiF1YL5U+lQheCNMo8sbrSEoZAIlVFOGB7Edjein5TtZAeNgyJrhY5yFH5gAfJQzFRnZWVOxWFaMlD0GRg==",
      "peer": true
    },
    "node_modules/@rbxts/scheduler-internal": {
      "version": "0.2.0",
      "resolved": "https://registry.npmjs.org/@rbxts/scheduler-internal/-/scheduler-internal-0.2.0.tgz",
      "integrity": "sha512-rMDaR+pIWGfdJRmhwG1zqczKrfrgR+EsjYizoPftcBShqsFVtwJsMpu0YZi/YqZquXBa5ihETyvSfOVqLlg9pA==",
      "peer": true,
      "dependencies": {
        "@rbxts/luau-polyfill-internal": "1.2.3-ts.0",
        "@rbxts/shared-internal": "^0.2.0"
      }
    },
    "node_modules/@rbxts/shared-internal": {
      "version": "0.2.0",
      "resolved": "https://registry.npmjs.org/@rbxts/shared-internal/-/shared-internal-0.2.0.tgz",
      "integrity": "sha512-UG+aOwGH/WhAxtU93KQbfw5L+z05rgDMPMTDd1nlchCo2fezpe5l/r9X3+woFn+s5K2Vhw31HvNpbAH89jsplw==",
      "peer": true,
      "dependencies": {
        "@rbxts/luau-polyfill-internal": "1.2.3-ts.0"
      }
    },
    "node_modules/typescript": {
      "version": "4.9.5",
      "resolved": "https://registry.npmjs.org/typescript/-/typescript-4.9.5.tgz",
      "integrity": "sha512-1FXk9E2Hm+QzZQ7z+McJiHL4NW1F2EzMu9Nq9i3zAaGqibafqYwCVU6WyWAuyQRRzOlxou8xZSyXLEN8oKj24g==",
      "dev": true,
      "bin": {
        "tsc": "bin/tsc",
        "tsserver": "bin/tsserver"
      },
      "engines": {
        "node": ">=4.2.0"
      }
    }
  }
}
